
Microsoft Visual Studio Solution File, Format Version 12.00
# Visual Studio Version 16
VisualStudioVersion = 16.0.29920.165
MinimumVisualStudioVersion = 10.0.40219.1
Project("{FAE04EC0-301F-11D3-BF4B-00C04F79EFBC}") = "InkomstInfo", "InkomstInfo\InkomstInfo.csproj", "{08D25F55-7630-41CB-995F-20A52A765582}"
EndProject
Global
	GlobalSection(SolutionConfigurationPlatforms) = preSolution
		Debug|Any CPU = Debug|Any CPU
		Release|Any CPU = Release|Any CPU
	EndGlobalSection
	GlobalSection(ProjectConfigurationPlatforms) = postSolution
		{08D25F55-7630-41CB-995F-20A52A765582}.Debug|Any CPU.ActiveCfg = Debug|Any CPU
		{08D25F55-7630-41CB-995F-20A52A765582}.Debug|Any CPU.Build.0 = Debug|Any CPU
		{08D25F55-7630-41CB-995F-20A52A765582}.Release|Any CPU.ActiveCfg = Release|Any CPU
		{08D25F55-7630-41CB-995F-20A52A765582}.Release|Any CPU.Build.0 = Release|Any CPU
	EndGlobalSection
	GlobalSection(SolutionProperties) = preSolution
		HideSolutionNode = FALSE
	EndGlobalSection
	GlobalSection(ExtensibilityGlobals) = postSolution
		SolutionGuid = {4A94737B-2920-4DC7-BBAA-CA659E4C531B}
	EndGlobalSection
EndGlobal
